
Microsoft Visual Studio Solution File, Format Version 12.00
# Visual Studio Version 17
VisualStudioVersion = 17.10.35027.167
MinimumVisualStudioVersion = 10.0.40219.1
Project("{FAE04EC0-301F-11D3-BF4B-00C04F79EFBC}") = "MyFirstMVC", "MyFirstMVC\MyFirstMVC.csproj", "{180660D4-4E5A-4E63-B38C-98D3C7517682}"
EndProject
Global
	GlobalSection(SolutionConfigurationPlatforms) = preSolution
		Debug|Any CPU = Debug|Any CPU
		Release|Any CPU = Release|Any CPU
	EndGlobalSection
	GlobalSection(ProjectConfigurationPlatforms) = postSolution
		{180660D4-4E5A-4E63-B38C-98D3C7517682}.Debug|Any CPU.ActiveCfg = Debug|Any CPU
		{180660D4-4E5A-4E63-B38C-98D3C7517682}.Debug|Any CPU.Build.0 = Debug|Any CPU
		{180660D4-4E5A-4E63-B38C-98D3C7517682}.Release|Any CPU.ActiveCfg = Release|Any CPU
		{180660D4-4E5A-4E63-B38C-98D3C7517682}.Release|Any CPU.Build.0 = Release|Any CPU
	EndGlobalSection
	GlobalSection(SolutionProperties) = preSolution
		HideSolutionNode = FALSE
	EndGlobalSection
	GlobalSection(ExtensibilityGlobals) = postSolution
		SolutionGuid = {53B7AC88-1954-4472-8CF9-7EDC8C1F7754}
	EndGlobalSection
EndGlobal
